
Microsoft Visual Studio Solution File, Format Version 12.00
# Visual Studio 15
VisualStudioVersion = 15.0.27428.2005
MinimumVisualStudioVersion = 10.0.40219.1
Project("{FAE04EC0-301F-11D3-BF4B-00C04F79EFBC}") = "PortalDeNoticias", "PortalDeNoticias\PortalDeNoticias.csproj", "{3E10982D-463A-4721-9715-64FE5E74AD26}"
EndProject
Global
	GlobalSection(SolutionConfigurationPlatforms) = preSolution
		Debug|Any CPU = Debug|Any CPU
		Release|Any CPU = Release|Any CPU
	EndGlobalSection
	GlobalSection(ProjectConfigurationPlatforms) = postSolution
		{3E10982D-463A-4721-9715-64FE5E74AD26}.Debug|Any CPU.ActiveCfg = Debug|Any CPU
		{3E10982D-463A-4721-9715-64FE5E74AD26}.Debug|Any CPU.Build.0 = Debug|Any CPU
		{3E10982D-463A-4721-9715-64FE5E74AD26}.Release|Any CPU.ActiveCfg = Release|Any CPU
		{3E10982D-463A-4721-9715-64FE5E74AD26}.Release|Any CPU.Build.0 = Release|Any CPU
	EndGlobalSection
	GlobalSection(SolutionProperties) = preSolution
		HideSolutionNode = FALSE
	EndGlobalSection
	GlobalSection(ExtensibilityGlobals) = postSolution
		SolutionGuid = {FC256006-406A-4F8F-BD25-DC92327AC920}
	EndGlobalSection
EndGlobal
